// !$*UTF8*$!
{
	archiveVersion = 1;
	classes = {
	};
	objectVersion = 46;
	objects = {

/* Begin PBXBuildFile section */
		3E95F199190F1330005874B1 /* Foundation.framework in Frameworks */ = {isa = PBXBuildFile; fileRef = 3E95F198190F1330005874B1 /* Foundation.framework */; };
		3E95F19B190F1330005874B1 /* CoreGraphics.framework in Frameworks */ = {isa = PBXBuildFile; fileRef = 3E95F19A190F1330005874B1 /* CoreGraphics.framework */; };
		3E95F19D190F1330005874B1 /* UIKit.framework in Frameworks */ = {isa = PBXBuildFile; fileRef = 3E95F19C190F1330005874B1 /* UIKit.framework */; };
		3E95F19F190F1330005874B1 /* CoreData.framework in Frameworks */ = {isa = PBXBuildFile; fileRef = 3E95F19E190F1330005874B1 /* CoreData.framework */; };
		3E95F1A5190F1330005874B1 /* InfoPlist.strings in Resources */ = {isa = PBXBuildFile; fileRef = 3E95F1A3190F1330005874B1 /* InfoPlist.strings */; };
		3E95F1A7190F1330005874B1 /* main.m in Sources */ = {isa = PBXBuildFile; fileRef = 3E95F1A6190F1330005874B1 /* main.m */; };
		3E95F1AB190F1330005874B1 /* AppDelegate.m in Sources */ = {isa = PBXBuildFile; fileRef = 3E95F1AA190F1330005874B1 /* AppDelegate.m */; };
		3E95F1AE190F1330005874B1 /* TradeRoomClient.xcdatamodeld in Sources */ = {isa = PBXBuildFile; fileRef = 3E95F1AC190F1330005874B1 /* TradeRoomClient.xcdatamodeld */; };
		3E95F1B0190F1330005874B1 /* Images.xcassets in Resources */ = {isa = PBXBuildFile; fileRef = 3E95F1AF190F1330005874B1 /* Images.xcassets */; };
		3E95F1B7190F1330005874B1 /* XCTest.framework in Frameworks */ = {isa = PBXBuildFile; fileRef = 3E95F1B6190F1330005874B1 /* XCTest.framework */; };
		3E95F1B8190F1330005874B1 /* Foundation.framework in Frameworks */ = {isa = PBXBuildFile; fileRef = 3E95F198190F1330005874B1 /* Foundation.framework */; };
		3E95F1B9190F1330005874B1 /* UIKit.framework in Frameworks */ = {isa = PBXBuildFile; fileRef = 3E95F19C190F1330005874B1 /* UIKit.framework */; };
		3E95F1BA190F1330005874B1 /* CoreData.framework in Frameworks */ = {isa = PBXBuildFile; fileRef = 3E95F19E190F1330005874B1 /* CoreData.framework */; };
		3E95F1C2190F1330005874B1 /* InfoPlist.strings in Resources */ = {isa = PBXBuildFile; fileRef = 3E95F1C0190F1330005874B1 /* InfoPlist.strings */; };
		3E95F1C4190F1330005874B1 /* TradeRoomClientTests.m in Sources */ = {isa = PBXBuildFile; fileRef = 3E95F1C3190F1330005874B1 /* TradeRoomClientTests.m */; };
/* End PBXBuildFile section */

/* Begin PBXContainerItemProxy section */
		3E95F1BB190F1330005874B1 /* PBXContainerItemProxy */ = {
			isa = PBXContainerItemProxy;
			containerPortal = 3E95F18D190F1330005874B1 /* Project object */;
			proxyType = 1;
			remoteGlobalIDString = 3E95F194190F1330005874B1;
			remoteInfo = TradeRoomClient;
		};
/* End PBXContainerItemProxy section */

/* Begin PBXFileReference section */
		3E95F195190F1330005874B1 /* TradeRoomClient.app */ = {isa = PBXFileReference; explicitFileType = wrapper.application; includeInIndex = 0; path = TradeRoomClient.app; sourceTree = BUILT_PRODUCTS_DIR; };
		3E95F198190F1330005874B1 /* Foundation.framework */ = {isa = PBXFileReference; lastKnownFileType = wrapper.framework; name = Foundation.framework; path = System/Library/Frameworks/Foundation.framework; sourceTree = SDKROOT; };
		3E95F19A190F1330005874B1 /* CoreGraphics.framework */ = {isa = PBXFileReference; lastKnownFileType = wrapper.framework; name = CoreGraphics.framework; path = System/Library/Frameworks/CoreGraphics.framework; sourceTree = SDKROOT; };
		3E95F19C190F1330005874B1 /* UIKit.framework */ = {isa = PBXFileReference; lastKnownFileType = wrapper.framework; name = UIKit.framework; path = System/Library/Frameworks/UIKit.framework; sourceTree = SDKROOT; };
		3E95F19E190F1330005874B1 /* CoreData.framework */ = {isa = PBXFileReference; lastKnownFileType = wrapper.framework; name = CoreData.framework; path = System/Library/Frameworks/CoreData.framework; sourceTree = SDKROOT; };
		3E95F1A2190F1330005874B1 /* TradeRoomClient-Info.plist */ = {isa = PBXFileReference; lastKnownFileType = text.plist.xml; path = "TradeRoomClient-Info.plist"; sourceTree = "<group>"; };
		3E95F1A4190F1330005874B1 /* en */ = {isa = PBXFileReference; lastKnownFileType = text.plist.strings; name = en; path = en.lproj/InfoPlist.strings; sourceTree = "<group>"; };
		3E95F1A6190F1330005874B1 /* main.m */ = {isa = PBXFileReference; lastKnownFileType = sourcecode.c.objc; path = main.m; sourceTree = "<group>"; };
		3E95F1A8190F1330005874B1 /* TradeRoomClient-Prefix.pch */ = {isa = PBXFileReference; lastKnownFileType = sourcecode.c.h; path = "TradeRoomClient-Prefix.pch"; sourceTree = "<group>"; };
		3E95F1A9190F1330005874B1 /* AppDelegate.h */ = {isa = PBXFileReference; lastKnownFileType = sourcecode.c.h; path = AppDelegate.h; sourceTree = "<group>"; };
		3E95F1AA190F1330005874B1 /* AppDelegate.m */ = {isa = PBXFileReference; lastKnownFileType = sourcecode.c.objc; path = AppDelegate.m; sourceTree = "<group>"; };
		3E95F1AD190F1330005874B1 /* TradeRoomClient.xcdatamodel */ = {isa = PBXFileReference; lastKnownFileType = wrapper.xcdatamodel; path = TradeRoomClient.xcdatamodel; sourceTree = "<group>"; };
		3E95F1AF190F1330005874B1 /* Images.xcassets */ = {isa = PBXFileReference; lastKnownFileType = folder.assetcatalog; path = Images.xcassets; sourceTree = "<group>"; };
		3E95F1B5190F1330005874B1 /* TradeRoomClientTests.xctest */ = {isa = PBXFileReference; explicitFileType = wrapper.cfbundle; includeInIndex = 0; path = TradeRoomClientTests.xctest; sourceTree = BUILT_PRODUCTS_DIR; };
		3E95F1B6190F1330005874B1 /* XCTest.framework */ = {isa = PBXFileReference; lastKnownFileType = wrapper.framework; name = XCTest.framework; path = Library/Frameworks/XCTest.framework; sourceTree = DEVELOPER_DIR; };
		3E95F1BF190F1330005874B1 /* TradeRoomClientTests-Info.plist */ = {isa = PBXFileReference; lastKnownFileType = text.plist.xml; path = "TradeRoomClientTests-Info.plist"; sourceTree = "<group>"; };
		3E95F1C1190F1330005874B1 /* en */ = {isa = PBXFileReference; lastKnownFileType = text.plist.strings; name = en; path = en.lproj/InfoPlist.strings; sourceTree = "<group>"; };
		3E95F1C3190F1330005874B1 /* TradeRoomClientTests.m */ = {isa = PBXFileReference; lastKnownFileType = sourcecode.c.objc; path = TradeRoomClientTests.m; sourceTree = "<group>"; };
/* End PBXFileReference section */

/* Begin PBXFrameworksBuildPhase section */
		3E95F192190F1330005874B1 /* Frameworks */ = {
			isa = PBXFrameworksBuildPhase;
			buildActionMask = 2147483647;
			files = (
				3E95F19B190F1330005874B1 /* CoreGraphics.framework in Frameworks */,
				3E95F19F190F1330005874B1 /* CoreData.framework in Frameworks */,
				3E95F19D190F1330005874B1 /* UIKit.framework in Frameworks */,
				3E95F199190F1330005874B1 /* Foundation.framework in Frameworks */,
			);
			runOnlyForDeploymentPostprocessing = 0;
		};
		3E95F1B2190F1330005874B1 /* Frameworks */ = {
			isa = PBXFrameworksBuildPhase;
			buildActionMask = 2147483647;
			files = (
				3E95F1B7190F1330005874B1 /* XCTest.framework in Frameworks */,
				3E95F1BA190F1330005874B1 /* CoreData.framework in Frameworks */,
				3E95F1B9190F1330005874B1 /* UIKit.framework in Frameworks */,
				3E95F1B8190F1330005874B1 /* Foundation.framework in Frameworks */,
			);
			runOnlyForDeploymentPostprocessing = 0;
		};
/* End PBXFrameworksBuildPhase section */

/* Begin PBXGroup section */
		3E95F18C190F1330005874B1 = {
			isa = PBXGroup;
			children = (
				3E95F1A0190F1330005874B1 /* TradeRoomClient */,
				3E95F1BD190F1330005874B1 /* TradeRoomClientTests */,
				3E95F197190F1330005874B1 /* Frameworks */,
				3E95F196190F1330005874B1 /* Products */,
			);
			sourceTree = "<group>";
		};
		3E95F196190F1330005874B1 /* Products */ = {
			isa = PBXGroup;
			children = (
				3E95F195190F1330005874B1 /* TradeRoomClient.app */,
				3E95F1B5190F1330005874B1 /* TradeRoomClientTests.xctest */,
			);
			name = Products;
			sourceTree = "<group>";
		};
		3E95F197190F1330005874B1 /* Frameworks */ = {
			isa = PBXGroup;
			children = (
				3E95F198190F1330005874B1 /* Foundation.framework */,
				3E95F19A190F1330005874B1 /* CoreGraphics.framework */,
				3E95F19C190F1330005874B1 /* UIKit.framework */,
				3E95F19E190F1330005874B1 /* CoreData.framework */,
				3E95F1B6190F1330005874B1 /* XCTest.framework */,
			);
			name = Frameworks;
			sourceTree = "<group>";
		};
		3E95F1A0190F1330005874B1 /* TradeRoomClient */ = {
			isa = PBXGroup;
			children = (
				3E95F1A9190F1330005874B1 /* AppDelegate.h */,
				3E95F1AA190F1330005874B1 /* AppDelegate.m */,
				3E95F1AF190F1330005874B1 /* Images.xcassets */,
				3E95F1AC190F1330005874B1 /* TradeRoomClient.xcdatamodeld */,
				3E95F1A1190F1330005874B1 /* Supporting Files */,
			);
			path = TradeRoomClient;
			sourceTree = "<group>";
		};
		3E95F1A1190F1330005874B1 /* Supporting Files */ = {
			isa = PBXGroup;
			children = (
				3E95F1A2190F1330005874B1 /* TradeRoomClient-Info.plist */,
				3E95F1A3190F1330005874B1 /* InfoPlist.strings */,
				3E95F1A6190F1330005874B1 /* main.m */,
				3E95F1A8190F1330005874B1 /* TradeRoomClient-Prefix.pch */,
			);
			name = "Supporting Files";
			sourceTree = "<group>";
		};
		3E95F1BD190F1330005874B1 /* TradeRoomClientTests */ = {
			isa = PBXGroup;
			children = (
				3E95F1C3190F1330005874B1 /* TradeRoomClientTests.m */,
				3E95F1BE190F1330005874B1 /* Supporting Files */,
			);
			path = TradeRoomClientTests;
			sourceTree = "<group>";
		};
		3E95F1BE190F1330005874B1 /* Supporting Files */ = {
			isa = PBXGroup;
			children = (
				3E95F1BF190F1330005874B1 /* TradeRoomClientTests-Info.plist */,
				3E95F1C0190F1330005874B1 /* InfoPlist.strings */,
			);
			name = "Supporting Files";
			sourceTree = "<group>";
		};
/* End PBXGroup section */

/* Begin PBXNativeTarget section */
		3E95F194190F1330005874B1 /* TradeRoomClient */ = {
			isa = PBXNativeTarget;
			buildConfigurationList = 3E95F1C7190F1330005874B1 /* Build configuration list for PBXNativeTarget "TradeRoomClient" */;
			buildPhases = (
				3E95F191190F1330005874B1 /* Sources */,
				3E95F192190F1330005874B1 /* Frameworks */,
				3E95F193190F1330005874B1 /* Resources */,
			);
			buildRules = (
			);
			dependencies = (
			);
			name = TradeRoomClient;
			productName = TradeRoomClient;
			productReference = 3E95F195190F1330005874B1 /* TradeRoomClient.app */;
			productType = "com.apple.product-type.application";
		};
		3E95F1B4190F1330005874B1 /* TradeRoomClientTests */ = {
			isa = PBXNativeTarget;
			buildConfigurationList = 3E95F1CA190F1330005874B1 /* Build configuration list for PBXNativeTarget "TradeRoomClientTests" */;
			buildPhases = (
				3E95F1B1190F1330005874B1 /* Sources */,
				3E95F1B2190F1330005874B1 /* Frameworks */,
				3E95F1B3190F1330005874B1 /* Resources */,
			);
			buildRules = (
			);
			dependencies = (
				3E95F1BC190F1330005874B1 /* PBXTargetDependency */,
			);
			name = TradeRoomClientTests;
			productName = TradeRoomClientTests;
			productReference = 3E95F1B5190F1330005874B1 /* TradeRoomClientTests.xctest */;
			productType = "com.apple.product-type.bundle.unit-test";
		};
/* End PBXNativeTarget section */

/* Begin PBXProject section */
		3E95F18D190F1330005874B1 /* Project object */ = {
			isa = PBXProject;
			attributes = {
				LastUpgradeCheck = 0510;
				ORGANIZATIONNAME = TradeRoom;
				TargetAttributes = {
					3E95F1B4190F1330005874B1 = {
						TestTargetID = 3E95F194190F1330005874B1;
					};
				};
			};
			buildConfigurationList = 3E95F190190F1330005874B1 /* Build configuration list for PBXProject "TradeRoomClient" */;
			compatibilityVersion = "Xcode 3.2";
			developmentRegion = English;
			hasScannedForEncodings = 0;
			knownRegions = (
				en,
			);
			mainGroup = 3E95F18C190F1330005874B1;
			productRefGroup = 3E95F196190F1330005874B1 /* Products */;
			projectDirPath = "";
			projectRoot = "";
			targets = (
				3E95F194190F1330005874B1 /* TradeRoomClient */,
				3E95F1B4190F1330005874B1 /* TradeRoomClientTests */,
			);
		};
/* End PBXProject section */

/* Begin PBXResourcesBuildPhase section */
		3E95F193190F1330005874B1 /* Resources */ = {
			isa = PBXResourcesBuildPhase;
			buildActionMask = 2147483647;
			files = (
				3E95F1A5190F1330005874B1 /* InfoPlist.strings in Resources */,
				3E95F1B0190F1330005874B1 /* Images.xcassets in Resources */,
			);
			runOnlyForDeploymentPostprocessing = 0;
		};
		3E95F1B3190F1330005874B1 /* Resources */ = {
			isa = PBXResourcesBuildPhase;
			buildActionMask = 2147483647;
			files = (
				3E95F1C2190F1330005874B1 /* InfoPlist.strings in Resources */,
			);
			runOnlyForDeploymentPostprocessing = 0;
		};
/* End PBXResourcesBuildPhase section */

/* Begin PBXSourcesBuildPhase section */
		3E95F191190F1330005874B1 /* Sources */ = {
			isa = PBXSourcesBuildPhase;
			buildActionMask = 2147483647;
			files = (
				3E95F1AB190F1330005874B1 /* AppDelegate.m in Sources */,
				3E95F1AE190F1330005874B1 /* TradeRoomClient.xcdatamodeld in Sources */,
				3E95F1A7190F1330005874B1 /* main.m in Sources */,
			);
			runOnlyForDeploymentPostprocessing = 0;
		};
		3E95F1B1190F1330005874B1 /* Sources */ = {
			isa = PBXSourcesBuildPhase;
			buildActionMask = 2147483647;
			files = (
				3E95F1C4190F1330005874B1 /* TradeRoomClientTests.m in Sources */,
			);
			runOnlyForDeploymentPostprocessing = 0;
		};
/* End PBXSourcesBuildPhase section */

/* Begin PBXTargetDependency section */
		3E95F1BC190F1330005874B1 /* PBXTargetDependency */ = {
			isa = PBXTargetDependency;
			target = 3E95F194190F1330005874B1 /* TradeRoomClient */;
			targetProxy = 3E95F1BB190F1330005874B1 /* PBXContainerItemProxy */;
		};
/* End PBXTargetDependency section */

/* Begin PBXVariantGroup section */
		3E95F1A3190F1330005874B1 /* InfoPlist.strings */ = {
			isa = PBXVariantGroup;
			children = (
				3E95F1A4190F1330005874B1 /* en */,
			);
			name = InfoPlist.strings;
			sourceTree = "<group>";
		};
		3E95F1C0190F1330005874B1 /* InfoPlist.strings */ = {
			isa = PBXVariantGroup;
			children = (
				3E95F1C1190F1330005874B1 /* en */,
			);
			name = InfoPlist.strings;
			sourceTree = "<group>";
		};
/* End PBXVariantGroup section */

/* Begin XCBuildConfiguration section */
		3E95F1C5190F1330005874B1 /* Debug */ = {
			isa = XCBuildConfiguration;
			buildSettings = {
				ALWAYS_SEARCH_USER_PATHS = NO;
				CLANG_CXX_LANGUAGE_STANDARD = "gnu++0x";
				CLANG_CXX_LIBRARY = "libc++";
				CLANG_ENABLE_MODULES = YES;
				CLANG_ENABLE_OBJC_ARC = YES;
				CLANG_WARN_BOOL_CONVERSION = YES;
				CLANG_WARN_CONSTANT_CONVERSION = YES;
				CLANG_WARN_DIRECT_OBJC_ISA_USAGE = YES_ERROR;
				CLANG_WARN_EMPTY_BODY = YES;
				CLANG_WARN_ENUM_CONVERSION = YES;
				CLANG_WARN_INT_CONVERSION = YES;
				CLANG_WARN_OBJC_ROOT_CLASS = YES_ERROR;
				CLANG_WARN__DUPLICATE_METHOD_MATCH = YES;
				"CODE_SIGN_IDENTITY[sdk=iphoneos*]" = "iPhone Developer";
				COPY_PHASE_STRIP = NO;
				GCC_C_LANGUAGE_STANDARD = gnu99;
				GCC_DYNAMIC_NO_PIC = NO;
				GCC_OPTIMIZATION_LEVEL = 0;
				GCC_PREPROCESSOR_DEFINITIONS = (
					"DEBUG=1",
					"$(inherited)",
				);
				GCC_SYMBOLS_PRIVATE_EXTERN = NO;
				GCC_WARN_64_TO_32_BIT_CONVERSION = YES;
				GCC_WARN_ABOUT_RETURN_TYPE = YES_ERROR;
				GCC_WARN_UNDECLARED_SELECTOR = YES;
				GCC_WARN_UNINITIALIZED_AUTOS = YES_AGGRESSIVE;
				GCC_WARN_UNUSED_FUNCTION = YES;
				GCC_WARN_UNUSED_VARIABLE = YES;
				IPHONEOS_DEPLOYMENT_TARGET = 7.1;
				ONLY_ACTIVE_ARCH = YES;
				SDKROOT = iphoneos;
				TARGETED_DEVICE_FAMILY = "1,2";
			};
			name = Debug;
		};
		3E95F1C6190F1330005874B1 /* Release */ = {
			isa = XCBuildConfiguration;
			buildSettings = {
				ALWAYS_SEARCH_USER_PATHS = NO;
				CLANG_CXX_LANGUAGE_STANDARD = "gnu++0x";
				CLANG_CXX_LIBRARY = "libc++";
				CLANG_ENABLE_MODULES = YES;
				CLANG_ENABLE_OBJC_ARC = YES;
				CLANG_WARN_BOOL_CONVERSION = YES;
				CLANG_WARN_CONSTANT_CONVERSION = YES;
				CLANG_WARN_DIRECT_OBJC_ISA_USAGE = YES_ERROR;
				CLANG_WARN_EMPTY_BODY = YES;
				CLANG_WARN_ENUM_CONVERSION = YES;
				CLANG_WARN_INT_CONVERSION = YES;
				CLANG_WARN_OBJC_ROOT_CLASS = YES_ERROR;
				CLANG_WARN__DUPLICATE_METHOD_MATCH = YES;
				"CODE_SIGN_IDENTITY[sdk=iphoneos*]" = "iPhone Developer";
				COPY_PHASE_STRIP = YES;
				ENABLE_NS_ASSERTIONS = NO;
				GCC_C_LANGUAGE_STANDARD = gnu99;
				GCC_WARN_64_TO_32_BIT_CONVERSION = YES;
				GCC_WARN_ABOUT_RETURN_TYPE = YES_ERROR;
				GCC_WARN_UNDECLARED_SELECTOR = YES;
				GCC_WARN_UNINITIALIZED_AUTOS = YES_AGGRESSIVE;
				GCC_WARN_UNUSED_FUNCTION = YES;
				GCC_WARN_UNUSED_VARIABLE = YES;
				IPHONEOS_DEPLOYMENT_TARGET = 7.1;
				SDKROOT = iphoneos;
				TARGETED_DEVICE_FAMILY = "1,2";
				VALIDATE_PRODUCT = YES;
			};
			name = Release;
		};
		3E95F1C8190F1330005874B1 /* Debug */ = {
			isa = XCBuildConfiguration;
			buildSettings = {
				ASSETCATALOG_COMPILER_APPICON_NAME = AppIcon;
				ASSETCATALOG_COMPILER_LAUNCHIMAGE_NAME = LaunchImage;
				GCC_PRECOMPILE_PREFIX_HEADER = YES;
				GCC_PREFIX_HEADER = "TradeRoomClient/TradeRoomClient-Prefix.pch";
				INFOPLIST_FILE = "TradeRoomClient/TradeRoomClient-Info.plist";
				PRODUCT_NAME = "$(TARGET_NAME)";
				WRAPPER_EXTENSION = app;
			};
			name = Debug;
		};
		3E95F1C9190F1330005874B1 /* Release */ = {
			isa = XCBuildConfiguration;
			buildSettings = {
				ASSETCATALOG_COMPILER_APPICON_NAME = AppIcon;
				ASSETCATALOG_COMPILER_LAUNCHIMAGE_NAME = LaunchImage;
				GCC_PRECOMPILE_PREFIX_HEADER = YES;
				GCC_PREFIX_HEADER = "TradeRoomClient/TradeRoomClient-Prefix.pch";
				INFOPLIST_FILE = "TradeRoomClient/TradeRoomClient-Info.plist";
				PRODUCT_NAME = "$(TARGET_NAME)";
				WRAPPER_EXTENSION = app;
			};
			name = Release;
		};
		3E95F1CB190F1330005874B1 /* Debug */ = {
			isa = XCBuildConfiguration;
			buildSettings = {
				BUNDLE_LOADER = "$(BUILT_PRODUCTS_DIR)/TradeRoomClient.app/TradeRoomClient";
				FRAMEWORK_SEARCH_PATHS = (
					"$(SDKROOT)/Developer/Library/Frameworks",
					"$(inherited)",
					"$(DEVELOPER_FRAMEWORKS_DIR)",
				);
				GCC_PRECOMPILE_PREFIX_HEADER = YES;
				GCC_PREFIX_HEADER = "TradeRoomClient/TradeRoomClient-Prefix.pch";
				GCC_PREPROCESSOR_DEFINITIONS = (
					"DEBUG=1",
					"$(inherited)",
				);
				INFOPLIST_FILE = "TradeRoomClientTests/TradeRoomClientTests-Info.plist";
				PRODUCT_NAME = "$(TARGET_NAME)";
				TEST_HOST = "$(BUNDLE_LOADER)";
				WRAPPER_EXTENSION = xctest;
			};
			name = Debug;
		};
		3E95F1CC190F1330005874B1 /* Release */ = {
			isa = XCBuildConfiguration;
			buildSettings = {
				BUNDLE_LOADER = "$(BUILT_PRODUCTS_DIR)/TradeRoomClient.app/TradeRoomClient";
				FRAMEWORK_SEARCH_PATHS = (
					"$(SDKROOT)/Developer/Library/Frameworks",
					"$(inherited)",
					"$(DEVELOPER_FRAMEWORKS_DIR)",
				);
				GCC_PRECOMPILE_PREFIX_HEADER = YES;
				GCC_PREFIX_HEADER = "TradeRoomClient/TradeRoomClient-Prefix.pch";
				INFOPLIST_FILE = "TradeRoomClientTests/TradeRoomClientTests-Info.plist";
				PRODUCT_NAME = "$(TARGET_NAME)";
				TEST_HOST = "$(BUNDLE_LOADER)";
				WRAPPER_EXTENSION = xctest;
			};
			name = Release;
		};
/* End XCBuildConfiguration section */

/* Begin XCConfigurationList section */
		3E95F190190F1330005874B1 /* Build configuration list for PBXProject "TradeRoomClient" */ = {
			isa = XCConfigurationList;
			buildConfigurations = (
				3E95F1C5190F1330005874B1 /* Debug */,
				3E95F1C6190F1330005874B1 /* Release */,
			);
			defaultConfigurationIsVisible = 0;
			defaultConfigurationName = Release;
		};
		3E95F1C7190F1330005874B1 /* Build configuration list for PBXNativeTarget "TradeRoomClient" */ = {
			isa = XCConfigurationList;
			buildConfigurations = (
				3E95F1C8190F1330005874B1 /* Debug */,
				3E95F1C9190F1330005874B1 /* Release */,
			);
			defaultConfigurationIsVisible = 0;
		};
		3E95F1CA190F1330005874B1 /* Build configuration list for PBXNativeTarget "TradeRoomClientTests" */ = {
			isa = XCConfigurationList;
			buildConfigurations = (
				3E95F1CB190F1330005874B1 /* Debug */,
				3E95F1CC190F1330005874B1 /* Release */,
			);
			defaultConfigurationIsVisible = 0;
		};
/* End XCConfigurationList section */

/* Begin XCVersionGroup section */
		3E95F1AC190F1330005874B1 /* TradeRoomClient.xcdatamodeld */ = {
			isa = XCVersionGroup;
			children = (
				3E95F1AD190F1330005874B1 /* TradeRoomClient.xcdatamodel */,
			);
			currentVersion = 3E95F1AD190F1330005874B1 /* TradeRoomClient.xcdatamodel */;
			path = TradeRoomClient.xcdatamodeld;
			sourceTree = "<group>";
			versionGroupType = wrapper.xcdatamodel;
		};
/* End XCVersionGroup section */
	};
	rootObject = 3E95F18D190F1330005874B1 /* Project object */;
}
